
Microsoft Visual Studio Solution File, Format Version 12.00
# Visual Studio Version 16
VisualStudioVersion = 16.0.28803.352
MinimumVisualStudioVersion = 10.0.40219.1
Project("{9A19103F-16F7-4668-BE54-9A1E7A4F7556}") = "PizzaBox", "PizzaBox.csproj", "{072AECDB-4797-4291-9BF8-794774666A22}"
EndProject
Project("{9A19103F-16F7-4668-BE54-9A1E7A4F7556}") = "PizzaBox.Data", "..\RestaurantData\PizzaBox.Data.csproj", "{04112F70-E55F-4F22-8FF7-1EBF1503A7FE}"
EndProject
Project("{9A19103F-16F7-4668-BE54-9A1E7A4F7556}") = "PizzaBox.Domain", "..\RestaurantLogic\PizzaBox.Domain.csproj", "{F6C89BC9-C32B-49CA-80B1-819171050379}"
EndProject
Global
	GlobalSection(SolutionConfigurationPlatforms) = preSolution
		Debug|Any CPU = Debug|Any CPU
		Release|Any CPU = Release|Any CPU
	EndGlobalSection
	GlobalSection(ProjectConfigurationPlatforms) = postSolution
		{072AECDB-4797-4291-9BF8-794774666A22}.Debug|Any CPU.ActiveCfg = Debug|Any CPU
		{072AECDB-4797-4291-9BF8-794774666A22}.Debug|Any CPU.Build.0 = Debug|Any CPU
		{072AECDB-4797-4291-9BF8-794774666A22}.Release|Any CPU.ActiveCfg = Release|Any CPU
		{072AECDB-4797-4291-9BF8-794774666A22}.Release|Any CPU.Build.0 = Release|Any CPU
		{04112F70-E55F-4F22-8FF7-1EBF1503A7FE}.Debug|Any CPU.ActiveCfg = Debug|Any CPU
		{04112F70-E55F-4F22-8FF7-1EBF1503A7FE}.Debug|Any CPU.Build.0 = Debug|Any CPU
		{04112F70-E55F-4F22-8FF7-1EBF1503A7FE}.Release|Any CPU.ActiveCfg = Release|Any CPU
		{04112F70-E55F-4F22-8FF7-1EBF1503A7FE}.Release|Any CPU.Build.0 = Release|Any CPU
		{F6C89BC9-C32B-49CA-80B1-819171050379}.Debug|Any CPU.ActiveCfg = Debug|Any CPU
		{F6C89BC9-C32B-49CA-80B1-819171050379}.Debug|Any CPU.Build.0 = Debug|Any CPU
		{F6C89BC9-C32B-49CA-80B1-819171050379}.Release|Any CPU.ActiveCfg = Release|Any CPU
		{F6C89BC9-C32B-49CA-80B1-819171050379}.Release|Any CPU.Build.0 = Release|Any CPU
	EndGlobalSection
	GlobalSection(SolutionProperties) = preSolution
		HideSolutionNode = FALSE
	EndGlobalSection
	GlobalSection(ExtensibilityGlobals) = postSolution
		SolutionGuid = {127051DF-4B8F-46C9-B4E5-757933F07E88}
	EndGlobalSection
EndGlobal
